<?xml version="1.0" encoding="utf-8"?>
<Project ToolsVersion="4.0" xmlns="http://schemas.microsoft.com/developer/msbuild/2003">
  <ItemGroup>
    <Filter Include="Source Files">
      <UniqueIdentifier>{4FC737F1-C7A5-4376-A066-2A32D752A2FF}</UniqueIdentifier>
      <Extensions>cpp;c;cc;cxx;def;odl;idl;hpj;bat;asm;asmx</Extensions>
    </Filter>
    <Filter Include="Header Files">
      <UniqueIdentifier>{93995380-89BD-4b04-88EB-625FBE52EBFB}</UniqueIdentifier>
      <Extensions>h;hpp;hxx;hm;inl;inc;xsd</Extensions>
    </Filter>
    <Filter Include="Resource Files">
      <UniqueIdentifier>{67DA6AB6-F800-4c08-8B7A-83BB121AAD01}</UniqueIdentifier>
      <Extensions>rc;ico;cur;bmp;dlg;rc2;rct;bin;rgs;gif;jpg;jpeg;jpe;resx;tiff;tif;png;wav;mfcribbon-ms</Extensions>
    </Filter>
  </ItemGroup>
  <ItemGroup>
    <ClCompile Include="Analyzer.cpp">
      <Filter>Source Files</Filter>
    </ClCompile>
    <ClCompile Include="Bool.cpp">
      <Filter>Source Files</Filter>
    </ClCompile>
    <ClCompile Include="ClangInclude.cpp">
      <Filter>Source Files</Filter>
    </ClCompile>
    <ClCompile Include="ClangNamespace.cpp">
      <Filter>Source Files</Filter>
    </ClCompile>
    <ClCompile Include="ClangOverloadSet.cpp">
      <Filter>Source Files</Filter>
    </ClCompile>
    <ClCompile Include="ClangTemplateClass.cpp">
      <Filter>Source Files</Filter>
    </ClCompile>
    <ClCompile Include="ClangTU.cpp">
      <Filter>Source Files</Filter>
    </ClCompile>
    <ClCompile Include="ClangType.cpp">
      <Filter>Source Files</Filter>
    </ClCompile>
    <ClCompile Include="ConstructorType.cpp">
      <Filter>Source Files</Filter>
    </ClCompile>
    <ClCompile Include="Function.cpp">
      <Filter>Source Files</Filter>
    </ClCompile>
    <ClCompile Include="FunctionType.cpp">
      <Filter>Source Files</Filter>
    </ClCompile>
    <ClCompile Include="IntegralType.cpp">
      <Filter>Source Files</Filter>
    </ClCompile>
    <ClCompile Include="MetaType.cpp">
      <Filter>Source Files</Filter>
    </ClCompile>
    <ClCompile Include="Module.cpp">
      <Filter>Source Files</Filter>
    </ClCompile>
    <ClCompile Include="NullType.cpp">
      <Filter>Source Files</Filter>
    </ClCompile>
    <ClCompile Include="OverloadSet.cpp">
      <Filter>Source Files</Filter>
    </ClCompile>
    <ClCompile Include="PointerType.cpp">
      <Filter>Source Files</Filter>
    </ClCompile>
    <ClCompile Include="PrimitiveType.cpp">
      <Filter>Source Files</Filter>
    </ClCompile>
    <ClCompile Include="Reference.cpp">
      <Filter>Source Files</Filter>
    </ClCompile>
    <ClCompile Include="StringType.cpp">
      <Filter>Source Files</Filter>
    </ClCompile>
    <ClCompile Include="Type.cpp">
      <Filter>Source Files</Filter>
    </ClCompile>
    <ClCompile Include="UserDefinedType.cpp">
      <Filter>Source Files</Filter>
    </ClCompile>
    <ClCompile Include="Util.cpp">
      <Filter>Source Files</Filter>
    </ClCompile>
    <ClCompile Include="Void.cpp">
      <Filter>Source Files</Filter>
    </ClCompile>
  </ItemGroup>
  <ItemGroup>
    <ClInclude Include="Analyzer.h">
      <Filter>Header Files</Filter>
    </ClInclude>
    <ClInclude Include="Bool.h">
      <Filter>Header Files</Filter>
    </ClInclude>
    <ClInclude Include="ClangInclude.h">
      <Filter>Header Files</Filter>
    </ClInclude>
    <ClInclude Include="ClangNamespace.h">
      <Filter>Header Files</Filter>
    </ClInclude>
    <ClInclude Include="ClangOverloadSet.h">
      <Filter>Header Files</Filter>
    </ClInclude>
    <ClInclude Include="ClangTemplateClass.h">
      <Filter>Header Files</Filter>
    </ClInclude>
    <ClInclude Include="ClangTU.h">
      <Filter>Header Files</Filter>
    </ClInclude>
    <ClInclude Include="ClangType.h">
      <Filter>Header Files</Filter>
    </ClInclude>
    <ClInclude Include="ConstructorType.h">
      <Filter>Header Files</Filter>
    </ClInclude>
    <ClInclude Include="Function.h">
      <Filter>Header Files</Filter>
    </ClInclude>
    <ClInclude Include="FunctionType.h">
      <Filter>Header Files</Filter>
    </ClInclude>
    <ClInclude Include="IntegralType.h">
      <Filter>Header Files</Filter>
    </ClInclude>
    <ClInclude Include="MetaType.h">
      <Filter>Header Files</Filter>
    </ClInclude>
    <ClInclude Include="Module.h">
      <Filter>Header Files</Filter>
    </ClInclude>
    <ClInclude Include="NullType.h">
      <Filter>Header Files</Filter>
    </ClInclude>
    <ClInclude Include="OverloadSet.h">
      <Filter>Header Files</Filter>
    </ClInclude>
    <ClInclude Include="PointerType.h">
      <Filter>Header Files</Filter>
    </ClInclude>
    <ClInclude Include="PrimitiveType.h">
      <Filter>Header Files</Filter>
    </ClInclude>
    <ClInclude Include="Reference.h">
      <Filter>Header Files</Filter>
    </ClInclude>
    <ClInclude Include="StringType.h">
      <Filter>Header Files</Filter>
    </ClInclude>
    <ClInclude Include="Type.h">
      <Filter>Header Files</Filter>
    </ClInclude>
    <ClInclude Include="UserDefinedType.h">
      <Filter>Header Files</Filter>
    </ClInclude>
    <ClInclude Include="Util.h">
      <Filter>Header Files</Filter>
    </ClInclude>
    <ClInclude Include="VectorTypeHasher.h">
      <Filter>Header Files</Filter>
    </ClInclude>
    <ClInclude Include="Void.h">
      <Filter>Header Files</Filter>
    </ClInclude>
    <ClInclude Include="ClangOptions.h">
      <Filter>Header Files</Filter>
    </ClInclude>
  </ItemGroup>
</Project>