<?xml version="1.0" encoding="utf-8"?>
<Project ToolsVersion="4.0" xmlns="http://schemas.microsoft.com/developer/msbuild/2003">
  <ItemGroup>
    <Filter Include="Source Files">
      <UniqueIdentifier>{4FC737F1-C7A5-4376-A066-2A32D752A2FF}</UniqueIdentifier>
      <Extensions>cpp;c;cc;cxx;def;odl;idl;hpj;bat;asm;asmx</Extensions>
    </Filter>
    <Filter Include="Header Files">
      <UniqueIdentifier>{93995380-89BD-4b04-88EB-625FBE52EBFB}</UniqueIdentifier>
      <Extensions>h;hpp;hxx;hm;inl;inc;xsd</Extensions>
    </Filter>
    <Filter Include="Resource Files">
      <UniqueIdentifier>{67DA6AB6-F800-4c08-8B7A-83BB121AAD01}</UniqueIdentifier>
      <Extensions>rc;ico;cur;bmp;dlg;rc2;rct;bin;rgs;gif;jpg;jpeg;jpe;resx;tiff;tif;png;wav;mfcribbon-ms</Extensions>
    </Filter>
  </ItemGroup>
  <ItemGroup>
    <ClInclude Include="ConcurrentDetail\pplparallelforeach.h">
      <Filter>Header Files</Filter>
    </ClInclude>
    <ClInclude Include="ConcurrentDetail\pplqueue.h">
      <Filter>Header Files</Filter>
    </ClInclude>
    <ClInclude Include="ConcurrentDetail\pplsampleumap.h">
      <Filter>Header Files</Filter>
    </ClInclude>
    <ClInclude Include="ConcurrentDetail\pplumap.h">
      <Filter>Header Files</Filter>
    </ClInclude>
    <ClInclude Include="ConcurrentDetail\pplvector.h">
      <Filter>Header Files</Filter>
    </ClInclude>
    <ClInclude Include="ConcurrentDetail\stdparallelforeach.h">
      <Filter>Header Files</Filter>
    </ClInclude>
    <ClInclude Include="ConcurrentDetail\stdqueue.h">
      <Filter>Header Files</Filter>
    </ClInclude>
    <ClInclude Include="ConcurrentDetail\stdumap.h">
      <Filter>Header Files</Filter>
    </ClInclude>
    <ClInclude Include="ConcurrentDetail\stdvector.h">
      <Filter>Header Files</Filter>
    </ClInclude>
    <ClInclude Include="Ranges\IStreamRange.h">
      <Filter>Header Files</Filter>
    </ClInclude>
    <ClInclude Include="Ranges\IteratorRange.h">
      <Filter>Header Files</Filter>
    </ClInclude>
    <ClInclude Include="Ranges\Optional.h">
      <Filter>Header Files</Filter>
    </ClInclude>
    <ClInclude Include="Ranges\StringRange.h">
      <Filter>Header Files</Filter>
    </ClInclude>
    <ClInclude Include="ConcurrentQueue.h">
      <Filter>Header Files</Filter>
    </ClInclude>
    <ClInclude Include="ConcurrentUnorderedMap.h">
      <Filter>Header Files</Filter>
    </ClInclude>
    <ClInclude Include="ConcurrentVector.h">
      <Filter>Header Files</Filter>
    </ClInclude>
    <ClInclude Include="DebugUtilities.h">
      <Filter>Header Files</Filter>
    </ClInclude>
    <ClInclude Include="MakeUnique.h">
      <Filter>Header Files</Filter>
    </ClInclude>
    <ClInclude Include="MemoryArena.h">
      <Filter>Header Files</Filter>
    </ClInclude>
    <ClInclude Include="ParallelForEach.h">
      <Filter>Header Files</Filter>
    </ClInclude>
  </ItemGroup>
</Project>