<?xml version="1.0" encoding="utf-8"?>
<Project ToolsVersion="4.0" xmlns="http://schemas.microsoft.com/developer/msbuild/2003">
  <ItemGroup>
    <Filter Include="Source Files">
      <UniqueIdentifier>{4FC737F1-C7A5-4376-A066-2A32D752A2FF}</UniqueIdentifier>
      <Extensions>cpp;c;cc;cxx;def;odl;idl;hpj;bat;asm;asmx</Extensions>
    </Filter>
    <Filter Include="Header Files">
      <UniqueIdentifier>{93995380-89BD-4b04-88EB-625FBE52EBFB}</UniqueIdentifier>
      <Extensions>h;hpp;hxx;hm;inl;inc;xsd</Extensions>
    </Filter>
    <Filter Include="Resource Files">
      <UniqueIdentifier>{67DA6AB6-F800-4c08-8B7A-83BB121AAD01}</UniqueIdentifier>
      <Extensions>rc;ico;cur;bmp;dlg;rc2;rct;bin;rgs;gif;jpg;jpeg;jpe;resx;tiff;tif;png;wav;mfcribbon-ms</Extensions>
    </Filter>
  </ItemGroup>
  <ItemGroup>
    <ClInclude Include="Util\MakeUnique.h">
      <Filter>Header Files</Filter>
    </ClInclude>
    <ClInclude Include="Util\MemoryArena.h">
      <Filter>Header Files</Filter>
    </ClInclude>
    <ClInclude Include="Stages\Semantic\Analyzer.h">
      <Filter>Header Files</Filter>
    </ClInclude>
    <ClInclude Include="Stages\Semantic\Type.h">
      <Filter>Header Files</Filter>
    </ClInclude>
    <ClInclude Include="Stages\Semantic\StringType.h">
      <Filter>Header Files</Filter>
    </ClInclude>
    <ClInclude Include="Stages\Semantic\ClangType.h">
      <Filter>Header Files</Filter>
    </ClInclude>
    <ClInclude Include="Stages\Semantic\Module.h">
      <Filter>Header Files</Filter>
    </ClInclude>
    <ClInclude Include="Stages\Semantic\Function.h">
      <Filter>Header Files</Filter>
    </ClInclude>
    <ClInclude Include="Stages\Semantic\LvalueType.h">
      <Filter>Header Files</Filter>
    </ClInclude>
    <ClInclude Include="Stages\Parser\parser.h">
      <Filter>Header Files</Filter>
    </ClInclude>
    <ClInclude Include="Stages\Lexer\lexer.h">
      <Filter>Header Files</Filter>
    </ClInclude>
    <ClInclude Include="Stages\Lexer\Token.h">
      <Filter>Header Files</Filter>
    </ClInclude>
    <ClInclude Include="Stages\Semantic\Util.h">
      <Filter>Header Files</Filter>
    </ClInclude>
    <ClInclude Include="Stages\Semantic\ClangNamespace.h">
      <Filter>Header Files</Filter>
    </ClInclude>
    <ClInclude Include="Stages\Semantic\ClangTU.h">
      <Filter>Header Files</Filter>
    </ClInclude>
    <ClInclude Include="Stages\Parser\AST.h">
      <Filter>Header Files</Filter>
    </ClInclude>
    <ClInclude Include="Stages\Semantic\Variable.h">
      <Filter>Header Files</Filter>
    </ClInclude>
    <ClInclude Include="Stages\Semantic\FunctionType.h">
      <Filter>Header Files</Filter>
    </ClInclude>
    <ClInclude Include="Stages\Semantic\Void.h">
      <Filter>Header Files</Filter>
    </ClInclude>
    <ClInclude Include="Stages\Codegen\Variable.h">
      <Filter>Header Files</Filter>
    </ClInclude>
    <ClInclude Include="Stages\Codegen\Expression.h">
      <Filter>Header Files</Filter>
    </ClInclude>
    <ClInclude Include="Stages\Codegen\Generator.h">
      <Filter>Header Files</Filter>
    </ClInclude>
    <ClInclude Include="Stages\Codegen\Statement.h">
      <Filter>Header Files</Filter>
    </ClInclude>
    <ClInclude Include="Stages\Codegen\Function.h">
      <Filter>Header Files</Filter>
    </ClInclude>
    <ClInclude Include="Stages\Parser\Builder.h">
      <Filter>Header Files</Filter>
    </ClInclude>
    <ClInclude Include="Stages\Semantic\IntegralType.h">
      <Filter>Header Files</Filter>
    </ClInclude>
    <ClInclude Include="Stages\Semantic\ClangOverloadSet.h">
      <Filter>Header Files</Filter>
    </ClInclude>
    <ClInclude Include="Stages\Semantic\RvalueType.h">
      <Filter>Header Files</Filter>
    </ClInclude>
    <ClInclude Include="Stages\Semantic\PrimitiveType.h">
      <Filter>Header Files</Filter>
    </ClInclude>
    <ClInclude Include="Stages\Semantic\ClangInclude.h">
      <Filter>Header Files</Filter>
    </ClInclude>
    <ClInclude Include="Stages\Semantic\ConstructorType.h">
      <Filter>Header Files</Filter>
    </ClInclude>
    <ClInclude Include="Stages\Semantic\bool.h">
      <Filter>Header Files</Filter>
    </ClInclude>
    <ClInclude Include="Stages\Semantic\ClangTemplateClass.h">
      <Filter>Header Files</Filter>
    </ClInclude>
    <ClInclude Include="Stages\ClangOptions.h">
      <Filter>Header Files</Filter>
    </ClInclude>
    <ClInclude Include="Stages\LLVMOptions.h">
      <Filter>Header Files</Filter>
    </ClInclude>
    <ClInclude Include="Stages\Semantic\OverloadSet.h">
      <Filter>Header Files</Filter>
    </ClInclude>
    <ClInclude Include="Stages\Semantic\DeferredType.h">
      <Filter>Header Files</Filter>
    </ClInclude>
    <ClInclude Include="Util\ConcurrentQueue.h">
      <Filter>Header Files</Filter>
    </ClInclude>
    <ClInclude Include="Util\ConcurrentDetail\pplqueue.h">
      <Filter>Header Files</Filter>
    </ClInclude>
    <ClInclude Include="Util\ConcurrentDetail\stdqueue.h">
      <Filter>Header Files</Filter>
    </ClInclude>
    <ClInclude Include="Util\ConcurrentUnorderedMap.h">
      <Filter>Header Files</Filter>
    </ClInclude>
    <ClInclude Include="Util\ConcurrentDetail\stdumap.h">
      <Filter>Header Files</Filter>
    </ClInclude>
    <ClInclude Include="Util\ConcurrentDetail\pplumap.h">
      <Filter>Header Files</Filter>
    </ClInclude>
    <ClInclude Include="Util\ConcurrentDetail\pplsampleumap.h">
      <Filter>Header Files</Filter>
    </ClInclude>
    <ClInclude Include="Util\ParallelForEach.h">
      <Filter>Header Files</Filter>
    </ClInclude>
    <ClInclude Include="Util\ConcurrentDetail\pplparallelforeach.h">
      <Filter>Header Files</Filter>
    </ClInclude>
    <ClInclude Include="Util\ConcurrentDetail\stdparallelforeach.h">
      <Filter>Header Files</Filter>
    </ClInclude>
    <ClInclude Include="Stages\Wide.h">
      <Filter>Header Files</Filter>
    </ClInclude>
    <ClInclude Include="Util\ConcurrentVector.h">
      <Filter>Header Files</Filter>
    </ClInclude>
    <ClInclude Include="Util\ConcurrentDetail\pplvector.h">
      <Filter>Header Files</Filter>
    </ClInclude>
    <ClInclude Include="Util\ConcurrentDetail\stdvector.h">
      <Filter>Header Files</Filter>
    </ClInclude>
    <ClInclude Include="Stages\Semantic\ClangCommonState.h">
      <Filter>Header Files</Filter>
    </ClInclude>
    <ClInclude Include="Stages\Semantic\UserDefinedType.h">
      <Filter>Header Files</Filter>
    </ClInclude>
  </ItemGroup>
  <ItemGroup>
    <ClCompile Include="main.cpp">
      <Filter>Source Files</Filter>
    </ClCompile>
    <ClCompile Include="Stages\Semantic\Analyzer.cpp">
      <Filter>Source Files</Filter>
    </ClCompile>
    <ClCompile Include="Stages\Semantic\StringType.cpp">
      <Filter>Source Files</Filter>
    </ClCompile>
    <ClCompile Include="Stages\Semantic\ClangType.cpp">
      <Filter>Source Files</Filter>
    </ClCompile>
    <ClCompile Include="Stages\Semantic\Module.cpp">
      <Filter>Source Files</Filter>
    </ClCompile>
    <ClCompile Include="Stages\Semantic\Function.cpp">
      <Filter>Source Files</Filter>
    </ClCompile>
    <ClCompile Include="Stages\Semantic\LvalueType.cpp">
      <Filter>Source Files</Filter>
    </ClCompile>
    <ClCompile Include="Stages\Semantic\Util.cpp">
      <Filter>Source Files</Filter>
    </ClCompile>
    <ClCompile Include="Stages\Semantic\ClangNamespace.cpp">
      <Filter>Source Files</Filter>
    </ClCompile>
    <ClCompile Include="Stages\Semantic\ClangTU.cpp">
      <Filter>Source Files</Filter>
    </ClCompile>
    <ClCompile Include="Stages\Semantic\FunctionType.cpp">
      <Filter>Source Files</Filter>
    </ClCompile>
    <ClCompile Include="Stages\Semantic\Void.cpp">
      <Filter>Source Files</Filter>
    </ClCompile>
    <ClCompile Include="Stages\Codegen\Expression.cpp">
      <Filter>Source Files</Filter>
    </ClCompile>
    <ClCompile Include="Stages\Codegen\Generator.cpp">
      <Filter>Source Files</Filter>
    </ClCompile>
    <ClCompile Include="Stages\Codegen\Statement.cpp">
      <Filter>Source Files</Filter>
    </ClCompile>
    <ClCompile Include="Stages\Parser\Builder.cpp">
      <Filter>Source Files</Filter>
    </ClCompile>
    <ClCompile Include="Stages\Codegen\FunctionCodeGen.cpp">
      <Filter>Source Files</Filter>
    </ClCompile>
    <ClCompile Include="Stages\Semantic\IntegralType.cpp">
      <Filter>Source Files</Filter>
    </ClCompile>
    <ClCompile Include="Stages\Semantic\ClangOverloadSet.cpp">
      <Filter>Source Files</Filter>
    </ClCompile>
    <ClCompile Include="Stages\Semantic\Type.cpp">
      <Filter>Source Files</Filter>
    </ClCompile>
    <ClCompile Include="Stages\Semantic\RvalueType.cpp">
      <Filter>Source Files</Filter>
    </ClCompile>
    <ClCompile Include="Stages\Semantic\PrimitiveType.cpp">
      <Filter>Source Files</Filter>
    </ClCompile>
    <ClCompile Include="Stages\Semantic\ClangInclude.cpp">
      <Filter>Source Files</Filter>
    </ClCompile>
    <ClCompile Include="Stages\Semantic\ConstructorType.cpp">
      <Filter>Source Files</Filter>
    </ClCompile>
    <ClCompile Include="Stages\Semantic\Bool.cpp">
      <Filter>Source Files</Filter>
    </ClCompile>
    <ClCompile Include="Stages\Semantic\ClangTemplateClass.cpp">
      <Filter>Source Files</Filter>
    </ClCompile>
    <ClCompile Include="Stages\Semantic\OverloadSet.cpp">
      <Filter>Source Files</Filter>
    </ClCompile>
    <ClCompile Include="Stages\Semantic\DeferredType.cpp">
      <Filter>Source Files</Filter>
    </ClCompile>
    <ClCompile Include="Stages\Wide.cpp">
      <Filter>Source Files</Filter>
    </ClCompile>
    <ClCompile Include="Stages\Semantic\UserDefinedType.cpp">
      <Filter>Source Files</Filter>
    </ClCompile>
  </ItemGroup>
</Project>