
Microsoft Visual Studio Solution File, Format Version 12.00
# Visual Studio 2012
Project("{8BC9CEB8-8B4A-11D0-8D11-00A0C91BC942}") = "Driver", "ClangExperiments.vcxproj", "{AA98AF13-88F5-4F69-B4FE-DE08499A8BCB}"
	ProjectSection(ProjectDependencies) = postProject
		{F8F13F28-0A9D-44D1-A3FD-A77395F0F2C5} = {F8F13F28-0A9D-44D1-A3FD-A77395F0F2C5}
		{464B262B-BCEB-423D-A3CD-E2DA522FBCBE} = {464B262B-BCEB-423D-A3CD-E2DA522FBCBE}
		{EE977755-07AF-4307-8D6A-A9174902FC31} = {EE977755-07AF-4307-8D6A-A9174902FC31}
		{04C6AEBB-86C6-4293-B69B-E95EE9209414} = {04C6AEBB-86C6-4293-B69B-E95EE9209414}
		{EF49E6D9-D629-4DED-A11E-9E10C4575F9D} = {EF49E6D9-D629-4DED-A11E-9E10C4575F9D}
	EndProjectSection
EndProject
Project("{8BC9CEB8-8B4A-11D0-8D11-00A0C91BC942}") = "CAPI", "..\CAPI\CAPI.vcxproj", "{71A09227-1E78-4626-A080-0E5022668E1C}"
	ProjectSection(ProjectDependencies) = postProject
		{04C6AEBB-86C6-4293-B69B-E95EE9209414} = {04C6AEBB-86C6-4293-B69B-E95EE9209414}
	EndProjectSection
EndProject
Project("{2150E333-8FDC-42A3-9474-1A3956D46DE8}") = "Solution Items", "Solution Items", "{550749A8-5419-4A66-9248-D6E59270FDAA}"
EndProject
Project("{FAE04EC0-301F-11D3-BF4B-00C04F79EFBC}") = "VisualWide", "..\VisualWide\VisualWide.csproj", "{F8ED64AD-9E1D-44AC-947B-C8F21D84D8A2}"
EndProject
Project("{8BC9CEB8-8B4A-11D0-8D11-00A0C91BC942}") = "Tests", "..\Tests\Tests.vcxproj", "{56A44207-C66A-4E40-9CC7-3686932A1ECC}"
EndProject
Project("{8BC9CEB8-8B4A-11D0-8D11-00A0C91BC942}") = "Lexer", "..\Lexer\Lexer.vcxproj", "{04C6AEBB-86C6-4293-B69B-E95EE9209414}"
	ProjectSection(ProjectDependencies) = postProject
		{464B262B-BCEB-423D-A3CD-E2DA522FBCBE} = {464B262B-BCEB-423D-A3CD-E2DA522FBCBE}
	EndProjectSection
EndProject
Project("{8BC9CEB8-8B4A-11D0-8D11-00A0C91BC942}") = "Parser", "..\Parser\Parser.vcxproj", "{EE977755-07AF-4307-8D6A-A9174902FC31}"
	ProjectSection(ProjectDependencies) = postProject
		{464B262B-BCEB-423D-A3CD-E2DA522FBCBE} = {464B262B-BCEB-423D-A3CD-E2DA522FBCBE}
	EndProjectSection
EndProject
Project("{8BC9CEB8-8B4A-11D0-8D11-00A0C91BC942}") = "Util", "..\Util\Util.vcxproj", "{464B262B-BCEB-423D-A3CD-E2DA522FBCBE}"
EndProject
Project("{8BC9CEB8-8B4A-11D0-8D11-00A0C91BC942}") = "Codegen", "..\Codegen\Codegen.vcxproj", "{F8F13F28-0A9D-44D1-A3FD-A77395F0F2C5}"
EndProject
Project("{8BC9CEB8-8B4A-11D0-8D11-00A0C91BC942}") = "Semantic", "..\Semantic\Semantic.vcxproj", "{EF49E6D9-D629-4DED-A11E-9E10C4575F9D}"
	ProjectSection(ProjectDependencies) = postProject
		{464B262B-BCEB-423D-A3CD-E2DA522FBCBE} = {464B262B-BCEB-423D-A3CD-E2DA522FBCBE}
	EndProjectSection
EndProject
Global
	GlobalSection(SolutionConfigurationPlatforms) = preSolution
		Debug|Any CPU = Debug|Any CPU
		Debug|Mixed Platforms = Debug|Mixed Platforms
		Debug|Win32 = Debug|Win32
		Debug|x86 = Debug|x86
		Release|Any CPU = Release|Any CPU
		Release|Mixed Platforms = Release|Mixed Platforms
		Release|Win32 = Release|Win32
		Release|x86 = Release|x86
	EndGlobalSection
	GlobalSection(ProjectConfigurationPlatforms) = postSolution
		{AA98AF13-88F5-4F69-B4FE-DE08499A8BCB}.Debug|Any CPU.ActiveCfg = Debug|Win32
		{AA98AF13-88F5-4F69-B4FE-DE08499A8BCB}.Debug|Mixed Platforms.ActiveCfg = Debug|Win32
		{AA98AF13-88F5-4F69-B4FE-DE08499A8BCB}.Debug|Mixed Platforms.Build.0 = Debug|Win32
		{AA98AF13-88F5-4F69-B4FE-DE08499A8BCB}.Debug|Win32.ActiveCfg = Debug|Win32
		{AA98AF13-88F5-4F69-B4FE-DE08499A8BCB}.Debug|Win32.Build.0 = Debug|Win32
		{AA98AF13-88F5-4F69-B4FE-DE08499A8BCB}.Debug|x86.ActiveCfg = Debug|Win32
		{AA98AF13-88F5-4F69-B4FE-DE08499A8BCB}.Debug|x86.Build.0 = Debug|Win32
		{AA98AF13-88F5-4F69-B4FE-DE08499A8BCB}.Release|Any CPU.ActiveCfg = Release|Win32
		{AA98AF13-88F5-4F69-B4FE-DE08499A8BCB}.Release|Mixed Platforms.ActiveCfg = Release|Win32
		{AA98AF13-88F5-4F69-B4FE-DE08499A8BCB}.Release|Mixed Platforms.Build.0 = Release|Win32
		{AA98AF13-88F5-4F69-B4FE-DE08499A8BCB}.Release|Win32.ActiveCfg = Release|Win32
		{AA98AF13-88F5-4F69-B4FE-DE08499A8BCB}.Release|Win32.Build.0 = Release|Win32
		{AA98AF13-88F5-4F69-B4FE-DE08499A8BCB}.Release|x86.ActiveCfg = Release|Win32
		{AA98AF13-88F5-4F69-B4FE-DE08499A8BCB}.Release|x86.Build.0 = Release|Win32
		{71A09227-1E78-4626-A080-0E5022668E1C}.Debug|Any CPU.ActiveCfg = Debug|Win32
		{71A09227-1E78-4626-A080-0E5022668E1C}.Debug|Mixed Platforms.ActiveCfg = Debug|Win32
		{71A09227-1E78-4626-A080-0E5022668E1C}.Debug|Mixed Platforms.Build.0 = Debug|Win32
		{71A09227-1E78-4626-A080-0E5022668E1C}.Debug|Win32.ActiveCfg = Debug|Win32
		{71A09227-1E78-4626-A080-0E5022668E1C}.Debug|Win32.Build.0 = Debug|Win32
		{71A09227-1E78-4626-A080-0E5022668E1C}.Debug|x86.ActiveCfg = Debug|Win32
		{71A09227-1E78-4626-A080-0E5022668E1C}.Debug|x86.Build.0 = Debug|Win32
		{71A09227-1E78-4626-A080-0E5022668E1C}.Release|Any CPU.ActiveCfg = Release|Win32
		{71A09227-1E78-4626-A080-0E5022668E1C}.Release|Mixed Platforms.ActiveCfg = Release|Win32
		{71A09227-1E78-4626-A080-0E5022668E1C}.Release|Mixed Platforms.Build.0 = Release|Win32
		{71A09227-1E78-4626-A080-0E5022668E1C}.Release|Win32.ActiveCfg = Release|Win32
		{71A09227-1E78-4626-A080-0E5022668E1C}.Release|Win32.Build.0 = Release|Win32
		{71A09227-1E78-4626-A080-0E5022668E1C}.Release|x86.ActiveCfg = Release|Win32
		{71A09227-1E78-4626-A080-0E5022668E1C}.Release|x86.Build.0 = Release|Win32
		{F8ED64AD-9E1D-44AC-947B-C8F21D84D8A2}.Debug|Any CPU.ActiveCfg = Debug|Any CPU
		{F8ED64AD-9E1D-44AC-947B-C8F21D84D8A2}.Debug|Any CPU.Build.0 = Debug|Any CPU
		{F8ED64AD-9E1D-44AC-947B-C8F21D84D8A2}.Debug|Mixed Platforms.ActiveCfg = Debug|Any CPU
		{F8ED64AD-9E1D-44AC-947B-C8F21D84D8A2}.Debug|Mixed Platforms.Build.0 = Debug|Any CPU
		{F8ED64AD-9E1D-44AC-947B-C8F21D84D8A2}.Debug|Win32.ActiveCfg = Debug|Any CPU
		{F8ED64AD-9E1D-44AC-947B-C8F21D84D8A2}.Debug|Win32.Build.0 = Debug|Any CPU
		{F8ED64AD-9E1D-44AC-947B-C8F21D84D8A2}.Debug|x86.ActiveCfg = Debug|Any CPU
		{F8ED64AD-9E1D-44AC-947B-C8F21D84D8A2}.Release|Any CPU.ActiveCfg = Release|Any CPU
		{F8ED64AD-9E1D-44AC-947B-C8F21D84D8A2}.Release|Any CPU.Build.0 = Release|Any CPU
		{F8ED64AD-9E1D-44AC-947B-C8F21D84D8A2}.Release|Mixed Platforms.ActiveCfg = Release|Any CPU
		{F8ED64AD-9E1D-44AC-947B-C8F21D84D8A2}.Release|Mixed Platforms.Build.0 = Release|Any CPU
		{F8ED64AD-9E1D-44AC-947B-C8F21D84D8A2}.Release|Win32.ActiveCfg = Release|Any CPU
		{F8ED64AD-9E1D-44AC-947B-C8F21D84D8A2}.Release|x86.ActiveCfg = Release|Any CPU
		{56A44207-C66A-4E40-9CC7-3686932A1ECC}.Debug|Any CPU.ActiveCfg = Debug|Win32
		{56A44207-C66A-4E40-9CC7-3686932A1ECC}.Debug|Mixed Platforms.ActiveCfg = Debug|Win32
		{56A44207-C66A-4E40-9CC7-3686932A1ECC}.Debug|Mixed Platforms.Build.0 = Debug|Win32
		{56A44207-C66A-4E40-9CC7-3686932A1ECC}.Debug|Win32.ActiveCfg = Debug|Win32
		{56A44207-C66A-4E40-9CC7-3686932A1ECC}.Debug|Win32.Build.0 = Debug|Win32
		{56A44207-C66A-4E40-9CC7-3686932A1ECC}.Debug|x86.ActiveCfg = Debug|Win32
		{56A44207-C66A-4E40-9CC7-3686932A1ECC}.Debug|x86.Build.0 = Debug|Win32
		{56A44207-C66A-4E40-9CC7-3686932A1ECC}.Release|Any CPU.ActiveCfg = Release|Win32
		{56A44207-C66A-4E40-9CC7-3686932A1ECC}.Release|Mixed Platforms.ActiveCfg = Release|Win32
		{56A44207-C66A-4E40-9CC7-3686932A1ECC}.Release|Mixed Platforms.Build.0 = Release|Win32
		{56A44207-C66A-4E40-9CC7-3686932A1ECC}.Release|Win32.ActiveCfg = Release|Win32
		{56A44207-C66A-4E40-9CC7-3686932A1ECC}.Release|Win32.Build.0 = Release|Win32
		{56A44207-C66A-4E40-9CC7-3686932A1ECC}.Release|x86.ActiveCfg = Release|Win32
		{56A44207-C66A-4E40-9CC7-3686932A1ECC}.Release|x86.Build.0 = Release|Win32
		{04C6AEBB-86C6-4293-B69B-E95EE9209414}.Debug|Any CPU.ActiveCfg = Debug|Win32
		{04C6AEBB-86C6-4293-B69B-E95EE9209414}.Debug|Mixed Platforms.ActiveCfg = Debug|Win32
		{04C6AEBB-86C6-4293-B69B-E95EE9209414}.Debug|Mixed Platforms.Build.0 = Debug|Win32
		{04C6AEBB-86C6-4293-B69B-E95EE9209414}.Debug|Win32.ActiveCfg = Debug|Win32
		{04C6AEBB-86C6-4293-B69B-E95EE9209414}.Debug|Win32.Build.0 = Debug|Win32
		{04C6AEBB-86C6-4293-B69B-E95EE9209414}.Debug|x86.ActiveCfg = Debug|Win32
		{04C6AEBB-86C6-4293-B69B-E95EE9209414}.Debug|x86.Build.0 = Debug|Win32
		{04C6AEBB-86C6-4293-B69B-E95EE9209414}.Release|Any CPU.ActiveCfg = Release|Win32
		{04C6AEBB-86C6-4293-B69B-E95EE9209414}.Release|Mixed Platforms.ActiveCfg = Release|Win32
		{04C6AEBB-86C6-4293-B69B-E95EE9209414}.Release|Mixed Platforms.Build.0 = Release|Win32
		{04C6AEBB-86C6-4293-B69B-E95EE9209414}.Release|Win32.ActiveCfg = Release|Win32
		{04C6AEBB-86C6-4293-B69B-E95EE9209414}.Release|Win32.Build.0 = Release|Win32
		{04C6AEBB-86C6-4293-B69B-E95EE9209414}.Release|x86.ActiveCfg = Release|Win32
		{04C6AEBB-86C6-4293-B69B-E95EE9209414}.Release|x86.Build.0 = Release|Win32
		{EE977755-07AF-4307-8D6A-A9174902FC31}.Debug|Any CPU.ActiveCfg = Debug|Win32
		{EE977755-07AF-4307-8D6A-A9174902FC31}.Debug|Mixed Platforms.ActiveCfg = Debug|Win32
		{EE977755-07AF-4307-8D6A-A9174902FC31}.Debug|Mixed Platforms.Build.0 = Debug|Win32
		{EE977755-07AF-4307-8D6A-A9174902FC31}.Debug|Win32.ActiveCfg = Debug|Win32
		{EE977755-07AF-4307-8D6A-A9174902FC31}.Debug|Win32.Build.0 = Debug|Win32
		{EE977755-07AF-4307-8D6A-A9174902FC31}.Debug|x86.ActiveCfg = Debug|Win32
		{EE977755-07AF-4307-8D6A-A9174902FC31}.Debug|x86.Build.0 = Debug|Win32
		{EE977755-07AF-4307-8D6A-A9174902FC31}.Release|Any CPU.ActiveCfg = Release|Win32
		{EE977755-07AF-4307-8D6A-A9174902FC31}.Release|Mixed Platforms.ActiveCfg = Release|Win32
		{EE977755-07AF-4307-8D6A-A9174902FC31}.Release|Mixed Platforms.Build.0 = Release|Win32
		{EE977755-07AF-4307-8D6A-A9174902FC31}.Release|Win32.ActiveCfg = Release|Win32
		{EE977755-07AF-4307-8D6A-A9174902FC31}.Release|Win32.Build.0 = Release|Win32
		{EE977755-07AF-4307-8D6A-A9174902FC31}.Release|x86.ActiveCfg = Release|Win32
		{EE977755-07AF-4307-8D6A-A9174902FC31}.Release|x86.Build.0 = Release|Win32
		{464B262B-BCEB-423D-A3CD-E2DA522FBCBE}.Debug|Any CPU.ActiveCfg = Debug|Win32
		{464B262B-BCEB-423D-A3CD-E2DA522FBCBE}.Debug|Mixed Platforms.ActiveCfg = Debug|Win32
		{464B262B-BCEB-423D-A3CD-E2DA522FBCBE}.Debug|Mixed Platforms.Build.0 = Debug|Win32
		{464B262B-BCEB-423D-A3CD-E2DA522FBCBE}.Debug|Win32.ActiveCfg = Debug|Win32
		{464B262B-BCEB-423D-A3CD-E2DA522FBCBE}.Debug|Win32.Build.0 = Debug|Win32
		{464B262B-BCEB-423D-A3CD-E2DA522FBCBE}.Debug|x86.ActiveCfg = Debug|Win32
		{464B262B-BCEB-423D-A3CD-E2DA522FBCBE}.Debug|x86.Build.0 = Debug|Win32
		{464B262B-BCEB-423D-A3CD-E2DA522FBCBE}.Release|Any CPU.ActiveCfg = Release|Win32
		{464B262B-BCEB-423D-A3CD-E2DA522FBCBE}.Release|Mixed Platforms.ActiveCfg = Release|Win32
		{464B262B-BCEB-423D-A3CD-E2DA522FBCBE}.Release|Mixed Platforms.Build.0 = Release|Win32
		{464B262B-BCEB-423D-A3CD-E2DA522FBCBE}.Release|Win32.ActiveCfg = Release|Win32
		{464B262B-BCEB-423D-A3CD-E2DA522FBCBE}.Release|Win32.Build.0 = Release|Win32
		{464B262B-BCEB-423D-A3CD-E2DA522FBCBE}.Release|x86.ActiveCfg = Release|Win32
		{464B262B-BCEB-423D-A3CD-E2DA522FBCBE}.Release|x86.Build.0 = Release|Win32
		{F8F13F28-0A9D-44D1-A3FD-A77395F0F2C5}.Debug|Any CPU.ActiveCfg = Debug|Win32
		{F8F13F28-0A9D-44D1-A3FD-A77395F0F2C5}.Debug|Mixed Platforms.ActiveCfg = Debug|Win32
		{F8F13F28-0A9D-44D1-A3FD-A77395F0F2C5}.Debug|Mixed Platforms.Build.0 = Debug|Win32
		{F8F13F28-0A9D-44D1-A3FD-A77395F0F2C5}.Debug|Win32.ActiveCfg = Debug|Win32
		{F8F13F28-0A9D-44D1-A3FD-A77395F0F2C5}.Debug|Win32.Build.0 = Debug|Win32
		{F8F13F28-0A9D-44D1-A3FD-A77395F0F2C5}.Debug|x86.ActiveCfg = Debug|Win32
		{F8F13F28-0A9D-44D1-A3FD-A77395F0F2C5}.Debug|x86.Build.0 = Debug|Win32
		{F8F13F28-0A9D-44D1-A3FD-A77395F0F2C5}.Release|Any CPU.ActiveCfg = Release|Win32
		{F8F13F28-0A9D-44D1-A3FD-A77395F0F2C5}.Release|Mixed Platforms.ActiveCfg = Release|Win32
		{F8F13F28-0A9D-44D1-A3FD-A77395F0F2C5}.Release|Mixed Platforms.Build.0 = Release|Win32
		{F8F13F28-0A9D-44D1-A3FD-A77395F0F2C5}.Release|Win32.ActiveCfg = Release|Win32
		{F8F13F28-0A9D-44D1-A3FD-A77395F0F2C5}.Release|Win32.Build.0 = Release|Win32
		{F8F13F28-0A9D-44D1-A3FD-A77395F0F2C5}.Release|x86.ActiveCfg = Release|Win32
		{F8F13F28-0A9D-44D1-A3FD-A77395F0F2C5}.Release|x86.Build.0 = Release|Win32
		{EF49E6D9-D629-4DED-A11E-9E10C4575F9D}.Debug|Any CPU.ActiveCfg = Debug|Win32
		{EF49E6D9-D629-4DED-A11E-9E10C4575F9D}.Debug|Mixed Platforms.ActiveCfg = Debug|Win32
		{EF49E6D9-D629-4DED-A11E-9E10C4575F9D}.Debug|Mixed Platforms.Build.0 = Debug|Win32
		{EF49E6D9-D629-4DED-A11E-9E10C4575F9D}.Debug|Win32.ActiveCfg = Debug|Win32
		{EF49E6D9-D629-4DED-A11E-9E10C4575F9D}.Debug|Win32.Build.0 = Debug|Win32
		{EF49E6D9-D629-4DED-A11E-9E10C4575F9D}.Debug|x86.ActiveCfg = Debug|Win32
		{EF49E6D9-D629-4DED-A11E-9E10C4575F9D}.Debug|x86.Build.0 = Debug|Win32
		{EF49E6D9-D629-4DED-A11E-9E10C4575F9D}.Release|Any CPU.ActiveCfg = Release|Win32
		{EF49E6D9-D629-4DED-A11E-9E10C4575F9D}.Release|Mixed Platforms.ActiveCfg = Release|Win32
		{EF49E6D9-D629-4DED-A11E-9E10C4575F9D}.Release|Mixed Platforms.Build.0 = Release|Win32
		{EF49E6D9-D629-4DED-A11E-9E10C4575F9D}.Release|Win32.ActiveCfg = Release|Win32
		{EF49E6D9-D629-4DED-A11E-9E10C4575F9D}.Release|Win32.Build.0 = Release|Win32
		{EF49E6D9-D629-4DED-A11E-9E10C4575F9D}.Release|x86.ActiveCfg = Release|Win32
		{EF49E6D9-D629-4DED-A11E-9E10C4575F9D}.Release|x86.Build.0 = Release|Win32
	EndGlobalSection
	GlobalSection(SolutionProperties) = preSolution
		HideSolutionNode = FALSE
	EndGlobalSection
EndGlobal
